
Microsoft Visual Studio Solution File, Format Version 12.00
# Visual Studio 2012
Project("{FAE04EC0-301F-11D3-BF4B-00C04F79EFBC}") = "DNA.Dados", "DNA.Dados\DNA.Dados.csproj", "{246F1671-484B-4AF5-A10C-5283048D4502}"
EndProject
Project("{FAE04EC0-301F-11D3-BF4B-00C04F79EFBC}") = "DNA.Entidades", "DNA.Entidades\DNA.Entidades.csproj", "{D417B5E3-83F8-48DD-9A04-88CB4100019F}"
EndProject
Project("{FAE04EC0-301F-11D3-BF4B-00C04F79EFBC}") = "DNA.Negocios", "DNA.Negocios\DNA.Negocios.csproj", "{F9D57C31-2F19-4AD2-B511-D75D8AC81566}"
EndProject
Project("{FAE04EC0-301F-11D3-BF4B-00C04F79EFBC}") = "DNA.Util", "DNA.Util\DNA.Util.csproj", "{740AF6D8-D49B-4DBA-BBF6-71FAC5AD0F27}"
EndProject
Project("{FAE04EC0-301F-11D3-BF4B-00C04F79EFBC}") = "DNA.Web", "DNA.Web\DNA.Web.csproj", "{CBB40314-CA7E-4D5D-AD73-151F10B28FDF}"
EndProject
Project("{FAE04EC0-301F-11D3-BF4B-00C04F79EFBC}") = "DNA.WebServices", "DNA.WebServices\DNA.WebServices.csproj", "{B260919A-D191-4DDD-8BA5-14F183D663DF}"
EndProject
Global
	GlobalSection(SolutionConfigurationPlatforms) = preSolution
		Debug|Any CPU = Debug|Any CPU
		Debug|x64 = Debug|x64
		Debug|x86 = Debug|x86
		Release|Any CPU = Release|Any CPU
		Release|x64 = Release|x64
		Release|x86 = Release|x86
	EndGlobalSection
	GlobalSection(ProjectConfigurationPlatforms) = postSolution
		{246F1671-484B-4AF5-A10C-5283048D4502}.Debug|Any CPU.ActiveCfg = Debug|Any CPU
		{246F1671-484B-4AF5-A10C-5283048D4502}.Debug|Any CPU.Build.0 = Debug|Any CPU
		{246F1671-484B-4AF5-A10C-5283048D4502}.Debug|x64.ActiveCfg = Debug|x64
		{246F1671-484B-4AF5-A10C-5283048D4502}.Debug|x64.Build.0 = Debug|x64
		{246F1671-484B-4AF5-A10C-5283048D4502}.Debug|x86.ActiveCfg = Debug|x86
		{246F1671-484B-4AF5-A10C-5283048D4502}.Debug|x86.Build.0 = Debug|x86
		{246F1671-484B-4AF5-A10C-5283048D4502}.Release|Any CPU.ActiveCfg = Release|Any CPU
		{246F1671-484B-4AF5-A10C-5283048D4502}.Release|Any CPU.Build.0 = Release|Any CPU
		{246F1671-484B-4AF5-A10C-5283048D4502}.Release|x64.ActiveCfg = Release|x64
		{246F1671-484B-4AF5-A10C-5283048D4502}.Release|x64.Build.0 = Release|x64
		{246F1671-484B-4AF5-A10C-5283048D4502}.Release|x86.ActiveCfg = Release|x86
		{246F1671-484B-4AF5-A10C-5283048D4502}.Release|x86.Build.0 = Release|x86
		{D417B5E3-83F8-48DD-9A04-88CB4100019F}.Debug|Any CPU.ActiveCfg = Debug|Any CPU
		{D417B5E3-83F8-48DD-9A04-88CB4100019F}.Debug|Any CPU.Build.0 = Debug|Any CPU
		{D417B5E3-83F8-48DD-9A04-88CB4100019F}.Debug|x64.ActiveCfg = Debug|Any CPU
		{D417B5E3-83F8-48DD-9A04-88CB4100019F}.Debug|x64.Build.0 = Debug|Any CPU
		{D417B5E3-83F8-48DD-9A04-88CB4100019F}.Debug|x86.ActiveCfg = Debug|x86
		{D417B5E3-83F8-48DD-9A04-88CB4100019F}.Debug|x86.Build.0 = Debug|x86
		{D417B5E3-83F8-48DD-9A04-88CB4100019F}.Release|Any CPU.ActiveCfg = Release|Any CPU
		{D417B5E3-83F8-48DD-9A04-88CB4100019F}.Release|Any CPU.Build.0 = Release|Any CPU
		{D417B5E3-83F8-48DD-9A04-88CB4100019F}.Release|x64.ActiveCfg = Release|Any CPU
		{D417B5E3-83F8-48DD-9A04-88CB4100019F}.Release|x86.ActiveCfg = Release|Any CPU
		{F9D57C31-2F19-4AD2-B511-D75D8AC81566}.Debug|Any CPU.ActiveCfg = Debug|Any CPU
		{F9D57C31-2F19-4AD2-B511-D75D8AC81566}.Debug|Any CPU.Build.0 = Debug|Any CPU
		{F9D57C31-2F19-4AD2-B511-D75D8AC81566}.Debug|x64.ActiveCfg = Debug|Any CPU
		{F9D57C31-2F19-4AD2-B511-D75D8AC81566}.Debug|x64.Build.0 = Debug|Any CPU
		{F9D57C31-2F19-4AD2-B511-D75D8AC81566}.Debug|x86.ActiveCfg = Debug|x86
		{F9D57C31-2F19-4AD2-B511-D75D8AC81566}.Debug|x86.Build.0 = Debug|x86
		{F9D57C31-2F19-4AD2-B511-D75D8AC81566}.Release|Any CPU.ActiveCfg = Release|Any CPU
		{F9D57C31-2F19-4AD2-B511-D75D8AC81566}.Release|Any CPU.Build.0 = Release|Any CPU
		{F9D57C31-2F19-4AD2-B511-D75D8AC81566}.Release|x64.ActiveCfg = Release|Any CPU
		{F9D57C31-2F19-4AD2-B511-D75D8AC81566}.Release|x86.ActiveCfg = Release|Any CPU
		{740AF6D8-D49B-4DBA-BBF6-71FAC5AD0F27}.Debug|Any CPU.ActiveCfg = Debug|Any CPU
		{740AF6D8-D49B-4DBA-BBF6-71FAC5AD0F27}.Debug|Any CPU.Build.0 = Debug|Any CPU
		{740AF6D8-D49B-4DBA-BBF6-71FAC5AD0F27}.Debug|x64.ActiveCfg = Debug|Any CPU
		{740AF6D8-D49B-4DBA-BBF6-71FAC5AD0F27}.Debug|x64.Build.0 = Debug|Any CPU
		{740AF6D8-D49B-4DBA-BBF6-71FAC5AD0F27}.Debug|x86.ActiveCfg = Debug|x86
		{740AF6D8-D49B-4DBA-BBF6-71FAC5AD0F27}.Debug|x86.Build.0 = Debug|x86
		{740AF6D8-D49B-4DBA-BBF6-71FAC5AD0F27}.Release|Any CPU.ActiveCfg = Release|Any CPU
		{740AF6D8-D49B-4DBA-BBF6-71FAC5AD0F27}.Release|Any CPU.Build.0 = Release|Any CPU
		{740AF6D8-D49B-4DBA-BBF6-71FAC5AD0F27}.Release|x64.ActiveCfg = Release|Any CPU
		{740AF6D8-D49B-4DBA-BBF6-71FAC5AD0F27}.Release|x86.ActiveCfg = Release|Any CPU
		{CBB40314-CA7E-4D5D-AD73-151F10B28FDF}.Debug|Any CPU.ActiveCfg = Debug|Any CPU
		{CBB40314-CA7E-4D5D-AD73-151F10B28FDF}.Debug|Any CPU.Build.0 = Debug|Any CPU
		{CBB40314-CA7E-4D5D-AD73-151F10B28FDF}.Debug|x64.ActiveCfg = Debug|x64
		{CBB40314-CA7E-4D5D-AD73-151F10B28FDF}.Debug|x64.Build.0 = Debug|x64
		{CBB40314-CA7E-4D5D-AD73-151F10B28FDF}.Debug|x86.ActiveCfg = Debug|x86
		{CBB40314-CA7E-4D5D-AD73-151F10B28FDF}.Debug|x86.Build.0 = Debug|x86
		{CBB40314-CA7E-4D5D-AD73-151F10B28FDF}.Release|Any CPU.ActiveCfg = Release|Any CPU
		{CBB40314-CA7E-4D5D-AD73-151F10B28FDF}.Release|Any CPU.Build.0 = Release|Any CPU
		{CBB40314-CA7E-4D5D-AD73-151F10B28FDF}.Release|x64.ActiveCfg = Release|x64
		{CBB40314-CA7E-4D5D-AD73-151F10B28FDF}.Release|x64.Build.0 = Release|x64
		{CBB40314-CA7E-4D5D-AD73-151F10B28FDF}.Release|x86.ActiveCfg = Release|x86
		{CBB40314-CA7E-4D5D-AD73-151F10B28FDF}.Release|x86.Build.0 = Release|x86
		{B260919A-D191-4DDD-8BA5-14F183D663DF}.Debug|Any CPU.ActiveCfg = Debug|Any CPU
		{B260919A-D191-4DDD-8BA5-14F183D663DF}.Debug|Any CPU.Build.0 = Debug|Any CPU
		{B260919A-D191-4DDD-8BA5-14F183D663DF}.Debug|x64.ActiveCfg = Debug|x64
		{B260919A-D191-4DDD-8BA5-14F183D663DF}.Debug|x64.Build.0 = Debug|x64
		{B260919A-D191-4DDD-8BA5-14F183D663DF}.Debug|x86.ActiveCfg = Debug|x86
		{B260919A-D191-4DDD-8BA5-14F183D663DF}.Debug|x86.Build.0 = Debug|x86
		{B260919A-D191-4DDD-8BA5-14F183D663DF}.Release|Any CPU.ActiveCfg = Release|Any CPU
		{B260919A-D191-4DDD-8BA5-14F183D663DF}.Release|Any CPU.Build.0 = Release|Any CPU
		{B260919A-D191-4DDD-8BA5-14F183D663DF}.Release|x64.ActiveCfg = Release|x64
		{B260919A-D191-4DDD-8BA5-14F183D663DF}.Release|x64.Build.0 = Release|x64
		{B260919A-D191-4DDD-8BA5-14F183D663DF}.Release|x86.ActiveCfg = Release|x86
		{B260919A-D191-4DDD-8BA5-14F183D663DF}.Release|x86.Build.0 = Release|x86
	EndGlobalSection
	GlobalSection(SolutionProperties) = preSolution
		HideSolutionNode = FALSE
	EndGlobalSection
EndGlobal
